
Microsoft Visual Studio Solution File, Format Version 12.00
# Visual Studio Version 16
VisualStudioVersion = 16.0.29920.165
MinimumVisualStudioVersion = 10.0.40219.1
Project("{FAE04EC0-301F-11D3-BF4B-00C04F79EFBC}") = "Neo4JClient Test", "Neo4JClient Test\Neo4JClient Test.csproj", "{2D32B206-0BBC-4B02-8AFB-94A8F9D05A29}"
EndProject
Global
	GlobalSection(SolutionConfigurationPlatforms) = preSolution
		Debug|Any CPU = Debug|Any CPU
		Release|Any CPU = Release|Any CPU
	EndGlobalSection
	GlobalSection(ProjectConfigurationPlatforms) = postSolution
		{2D32B206-0BBC-4B02-8AFB-94A8F9D05A29}.Debug|Any CPU.ActiveCfg = Debug|Any CPU
		{2D32B206-0BBC-4B02-8AFB-94A8F9D05A29}.Debug|Any CPU.Build.0 = Debug|Any CPU
		{2D32B206-0BBC-4B02-8AFB-94A8F9D05A29}.Release|Any CPU.ActiveCfg = Release|Any CPU
		{2D32B206-0BBC-4B02-8AFB-94A8F9D05A29}.Release|Any CPU.Build.0 = Release|Any CPU
	EndGlobalSection
	GlobalSection(SolutionProperties) = preSolution
		HideSolutionNode = FALSE
	EndGlobalSection
	GlobalSection(ExtensibilityGlobals) = postSolution
		SolutionGuid = {D9EAA9AF-C2F3-44BB-9CF5-2ACFFA4A616A}
	EndGlobalSection
EndGlobal
